
Microsoft Visual Studio Solution File, Format Version 12.00
# Visual Studio 15
VisualStudioVersion = 15.0.28307.902
MinimumVisualStudioVersion = 10.0.40219.1
Project("{FAE04EC0-301F-11D3-BF4B-00C04F79EFBC}") = "wf_repo_inven", "wf_repo_inven\wf_repo_inven.csproj", "{809D09A1-F137-494D-8A5A-F5B671C33AEF}"
EndProject
Global
	GlobalSection(SolutionConfigurationPlatforms) = preSolution
		Debug|Any CPU = Debug|Any CPU
		Release|Any CPU = Release|Any CPU
	EndGlobalSection
	GlobalSection(ProjectConfigurationPlatforms) = postSolution
		{809D09A1-F137-494D-8A5A-F5B671C33AEF}.Debug|Any CPU.ActiveCfg = Debug|Any CPU
		{809D09A1-F137-494D-8A5A-F5B671C33AEF}.Debug|Any CPU.Build.0 = Debug|Any CPU
		{809D09A1-F137-494D-8A5A-F5B671C33AEF}.Release|Any CPU.ActiveCfg = Release|Any CPU
		{809D09A1-F137-494D-8A5A-F5B671C33AEF}.Release|Any CPU.Build.0 = Release|Any CPU
	EndGlobalSection
	GlobalSection(SolutionProperties) = preSolution
		HideSolutionNode = FALSE
	EndGlobalSection
	GlobalSection(ExtensibilityGlobals) = postSolution
		SolutionGuid = {F56B4DDF-5D17-4DB4-8140-6766DB017802}
	EndGlobalSection
EndGlobal
